
Microsoft Visual Studio Solution File, Format Version 12.00
# Visual Studio 2013
VisualStudioVersion = 12.0.21005.1
MinimumVisualStudioVersion = 10.0.40219.1
Project("{FAE04EC0-301F-11D3-BF4B-00C04F79EFBC}") = "SitecoreBootstrap.Web", "SitecoreBootstrap\SitecoreBootstrap.Web.csproj", "{C8735DA1-4F0E-4C07-A4C3-2A4D317280EA}"
EndProject
Project("{CAA73BB0-EF22-4D79-A57E-DF67B3BA9C80}") = "SitecoreBootstrap.TDS.Master", "SitecoreBootstrap.TDS.Master\SitecoreBootstrap.TDS.Master.scproj", "{17123161-02A1-450A-A6AF-ABE38B53A8C0}"
EndProject
Global
	GlobalSection(SolutionConfigurationPlatforms) = preSolution
		Debug|Any CPU = Debug|Any CPU
		Release|Any CPU = Release|Any CPU
	EndGlobalSection
	GlobalSection(ProjectConfigurationPlatforms) = postSolution
		{C8735DA1-4F0E-4C07-A4C3-2A4D317280EA}.Debug|Any CPU.ActiveCfg = Debug|Any CPU
		{C8735DA1-4F0E-4C07-A4C3-2A4D317280EA}.Debug|Any CPU.Build.0 = Debug|Any CPU
		{C8735DA1-4F0E-4C07-A4C3-2A4D317280EA}.Release|Any CPU.ActiveCfg = Release|Any CPU
		{C8735DA1-4F0E-4C07-A4C3-2A4D317280EA}.Release|Any CPU.Build.0 = Release|Any CPU
		{17123161-02A1-450A-A6AF-ABE38B53A8C0}.Debug|Any CPU.ActiveCfg = Debug|Any CPU
		{17123161-02A1-450A-A6AF-ABE38B53A8C0}.Debug|Any CPU.Build.0 = Debug|Any CPU
		{17123161-02A1-450A-A6AF-ABE38B53A8C0}.Debug|Any CPU.Deploy.0 = Debug|Any CPU
		{17123161-02A1-450A-A6AF-ABE38B53A8C0}.Release|Any CPU.ActiveCfg = Release|Any CPU
		{17123161-02A1-450A-A6AF-ABE38B53A8C0}.Release|Any CPU.Build.0 = Release|Any CPU
		{17123161-02A1-450A-A6AF-ABE38B53A8C0}.Release|Any CPU.Deploy.0 = Release|Any CPU
	EndGlobalSection
	GlobalSection(SolutionProperties) = preSolution
		HideSolutionNode = FALSE
	EndGlobalSection
EndGlobal
